// !$*UTF8*$!
{
	archiveVersion = 1;
	classes = {
	};
	objectVersion = 51;
	objects = {

/* Begin PBXBuildFile section */
		3B6E201EE6F020569BE32244 /* Pods_NASAImages.framework in Frameworks */ = {isa = PBXBuildFile; fileRef = 55BF4B481755CC97BE3BDD87 /* Pods_NASAImages.framework */; };
		D03876162463F43600A05ABA /* NASAImagesCore.framework in Frameworks */ = {isa = PBXBuildFile; fileRef = D03876122463F43600A05ABA /* NASAImagesCore.framework */; };
		D03876172463F43600A05ABA /* NASAImagesCore.framework in Embed Frameworks */ = {isa = PBXBuildFile; fileRef = D03876122463F43600A05ABA /* NASAImagesCore.framework */; settings = {ATTRIBUTES = (CodeSignOnCopy, RemoveHeadersOnCopy, ); }; };
		D03876182463F43600A05ABA /* NASAImagesNetwork.framework in Frameworks */ = {isa = PBXBuildFile; fileRef = D03876132463F43600A05ABA /* NASAImagesNetwork.framework */; };
		D03876192463F43600A05ABA /* NASAImagesNetwork.framework in Embed Frameworks */ = {isa = PBXBuildFile; fileRef = D03876132463F43600A05ABA /* NASAImagesNetwork.framework */; settings = {ATTRIBUTES = (CodeSignOnCopy, RemoveHeadersOnCopy, ); }; };
		D038761A2463F43600A05ABA /* NASAImagesService.framework in Frameworks */ = {isa = PBXBuildFile; fileRef = D03876142463F43600A05ABA /* NASAImagesService.framework */; };
		D038761B2463F43600A05ABA /* NASAImagesService.framework in Embed Frameworks */ = {isa = PBXBuildFile; fileRef = D03876142463F43600A05ABA /* NASAImagesService.framework */; settings = {ATTRIBUTES = (CodeSignOnCopy, RemoveHeadersOnCopy, ); }; };
		D038761C2463F43600A05ABA /* NASAImagesUI.framework in Frameworks */ = {isa = PBXBuildFile; fileRef = D03876152463F43600A05ABA /* NASAImagesUI.framework */; };
		D038761D2463F43600A05ABA /* NASAImagesUI.framework in Embed Frameworks */ = {isa = PBXBuildFile; fileRef = D03876152463F43600A05ABA /* NASAImagesUI.framework */; settings = {ATTRIBUTES = (CodeSignOnCopy, RemoveHeadersOnCopy, ); }; };
		D038762C2463F5B400A05ABA /* R.generated.swift in Sources */ = {isa = PBXBuildFile; fileRef = D038762B2463F5B400A05ABA /* R.generated.swift */; };
		D03CC95A2463EC2A00E52D2D /* AppDelegate.swift in Sources */ = {isa = PBXBuildFile; fileRef = D03CC9592463EC2A00E52D2D /* AppDelegate.swift */; };
		D03CC9632463EC2F00E52D2D /* Assets.xcassets in Resources */ = {isa = PBXBuildFile; fileRef = D03CC9622463EC2F00E52D2D /* Assets.xcassets */; };
		D03CC9662463EC2F00E52D2D /* LaunchScreen.storyboard in Resources */ = {isa = PBXBuildFile; fileRef = D03CC9642463EC2F00E52D2D /* LaunchScreen.storyboard */; };
		D049AAE824646A6000F13788 /* ImageDetailViewModel.swift in Sources */ = {isa = PBXBuildFile; fileRef = D049AAD224646A6000F13788 /* ImageDetailViewModel.swift */; };
		D049AAE924646A6000F13788 /* CoordinatorFactory+ImageDetail.swift in Sources */ = {isa = PBXBuildFile; fileRef = D049AAD424646A6000F13788 /* CoordinatorFactory+ImageDetail.swift */; };
		D049AAEA24646A6000F13788 /* ImageDetailCoordinator.swift in Sources */ = {isa = PBXBuildFile; fileRef = D049AAD524646A6000F13788 /* ImageDetailCoordinator.swift */; };
		D049AAF424646A6000F13788 /* ImageDetailContentView.swift in Sources */ = {isa = PBXBuildFile; fileRef = D049AAE124646A6000F13788 /* ImageDetailContentView.swift */; };
		D049AAF524646A6000F13788 /* ImageDetailViewController.swift in Sources */ = {isa = PBXBuildFile; fileRef = D049AAE324646A6000F13788 /* ImageDetailViewController.swift */; };
		D049AAF624646A6000F13788 /* ImageDetailView.swift in Sources */ = {isa = PBXBuildFile; fileRef = D049AAE424646A6000F13788 /* ImageDetailView.swift */; };
		D049AAF724646A6000F13788 /* ImageDetailFactoryExtension.swift in Sources */ = {isa = PBXBuildFile; fileRef = D049AAE624646A6000F13788 /* ImageDetailFactoryExtension.swift */; };
		D049AAF824646A6000F13788 /* ImageDetailFactory.swift in Sources */ = {isa = PBXBuildFile; fileRef = D049AAE724646A6000F13788 /* ImageDetailFactory.swift */; };
		D049AAFA24646BAB00F13788 /* ImageDetailImageCell.swift in Sources */ = {isa = PBXBuildFile; fileRef = D049AAF924646BAB00F13788 /* ImageDetailImageCell.swift */; };
		D049AAFE24646BC700F13788 /* ImageDetailImageCellViewModel.swift in Sources */ = {isa = PBXBuildFile; fileRef = D049AAFD24646BC700F13788 /* ImageDetailImageCellViewModel.swift */; };
		D049AB0124646DC700F13788 /* ImageDetailDataSourceItem.swift in Sources */ = {isa = PBXBuildFile; fileRef = D049AB0024646DC700F13788 /* ImageDetailDataSourceItem.swift */; };
		D049AB032464705900F13788 /* ImageDetailAttributeCell.swift in Sources */ = {isa = PBXBuildFile; fileRef = D049AB022464705900F13788 /* ImageDetailAttributeCell.swift */; };
		D049AB052464706200F13788 /* ImageDetailAttributeCellViewModel.swift in Sources */ = {isa = PBXBuildFile; fileRef = D049AB042464706200F13788 /* ImageDetailAttributeCellViewModel.swift */; };
		D049AB072464707100F13788 /* ImageDetailDescriptionCell.swift in Sources */ = {isa = PBXBuildFile; fileRef = D049AB062464707100F13788 /* ImageDetailDescriptionCell.swift */; };
		D049AB092464707800F13788 /* ImageDetailDescriptionCellViewModel.swift in Sources */ = {isa = PBXBuildFile; fileRef = D049AB082464707800F13788 /* ImageDetailDescriptionCellViewModel.swift */; };
		D04BF4102464058700FCAC2E /* ImagesListViewModel.swift in Sources */ = {isa = PBXBuildFile; fileRef = D04BF4012464058700FCAC2E /* ImagesListViewModel.swift */; };
		D04BF4112464058700FCAC2E /* CoordinatorFactory+ImagesList.swift in Sources */ = {isa = PBXBuildFile; fileRef = D04BF4032464058700FCAC2E /* CoordinatorFactory+ImagesList.swift */; };
		D04BF4122464058700FCAC2E /* ImagesListCoordinator.swift in Sources */ = {isa = PBXBuildFile; fileRef = D04BF4042464058700FCAC2E /* ImagesListCoordinator.swift */; };
		D04BF4152464058700FCAC2E /* ImagesListContentView.swift in Sources */ = {isa = PBXBuildFile; fileRef = D04BF4092464058700FCAC2E /* ImagesListContentView.swift */; };
		D04BF4162464058700FCAC2E /* ImagesListViewController.swift in Sources */ = {isa = PBXBuildFile; fileRef = D04BF40B2464058700FCAC2E /* ImagesListViewController.swift */; };
		D04BF4172464058700FCAC2E /* ImagesListView.swift in Sources */ = {isa = PBXBuildFile; fileRef = D04BF40C2464058700FCAC2E /* ImagesListView.swift */; };
		D04BF4182464058700FCAC2E /* ImagesListFactoryExtension.swift in Sources */ = {isa = PBXBuildFile; fileRef = D04BF40E2464058700FCAC2E /* ImagesListFactoryExtension.swift */; };
		D04BF4192464058700FCAC2E /* ImagesListFactory.swift in Sources */ = {isa = PBXBuildFile; fileRef = D04BF40F2464058700FCAC2E /* ImagesListFactory.swift */; };
		D04BF41C2464069200FCAC2E /* ImageCell.swift in Sources */ = {isa = PBXBuildFile; fileRef = D04BF41A2464069200FCAC2E /* ImageCell.swift */; };
		D04BF41D2464069200FCAC2E /* ImageCellViewModel.swift in Sources */ = {isa = PBXBuildFile; fileRef = D04BF41B2464069200FCAC2E /* ImageCellViewModel.swift */; };
		D0ED5AC62463F85F00DA9623 /* Localizable.strings in Resources */ = {isa = PBXBuildFile; fileRef = D0ED5AC82463F85F00DA9623 /* Localizable.strings */; };
		D0ED5ACB2463F88200DA9623 /* CoordinatorFactory.swift in Sources */ = {isa = PBXBuildFile; fileRef = D0ED5ACA2463F88200DA9623 /* CoordinatorFactory.swift */; };
		D0ED5ACD2463F91000DA9623 /* CoordinatorFactoryImp.swift in Sources */ = {isa = PBXBuildFile; fileRef = D0ED5ACC2463F91000DA9623 /* CoordinatorFactoryImp.swift */; };
		D0ED5ACF2463F91C00DA9623 /* ModuleFactoryImp.swift in Sources */ = {isa = PBXBuildFile; fileRef = D0ED5ACE2463F91C00DA9623 /* ModuleFactoryImp.swift */; };
		D0ED5ADD2463FA4300DA9623 /* NavigationController.swift in Sources */ = {isa = PBXBuildFile; fileRef = D0ED5ADC2463FA4300DA9623 /* NavigationController.swift */; };
		D0ED5AE72463FABB00DA9623 /* BaseCoordinator.swift in Sources */ = {isa = PBXBuildFile; fileRef = D0ED5ADE2463FABA00DA9623 /* BaseCoordinator.swift */; };
		D0ED5AE82463FABB00DA9623 /* BViewModel.swift in Sources */ = {isa = PBXBuildFile; fileRef = D0ED5ADF2463FABA00DA9623 /* BViewModel.swift */; };
		D0ED5AE92463FABB00DA9623 /* TableViewPlaceholderViewModel.swift in Sources */ = {isa = PBXBuildFile; fileRef = D0ED5AE12463FABA00DA9623 /* TableViewPlaceholderViewModel.swift */; };
		D0ED5AEA2463FABB00DA9623 /* TableViewPlaceholderView.swift in Sources */ = {isa = PBXBuildFile; fileRef = D0ED5AE22463FABA00DA9623 /* TableViewPlaceholderView.swift */; };
		D0ED5AEB2463FABB00DA9623 /* RouterImp.swift in Sources */ = {isa = PBXBuildFile; fileRef = D0ED5AE32463FABB00DA9623 /* RouterImp.swift */; };
		D0ED5AEC2463FABB00DA9623 /* BCell.swift in Sources */ = {isa = PBXBuildFile; fileRef = D0ED5AE42463FABB00DA9623 /* BCell.swift */; };
		D0ED5AED2463FABB00DA9623 /* BViewController.swift in Sources */ = {isa = PBXBuildFile; fileRef = D0ED5AE52463FABB00DA9623 /* BViewController.swift */; };
		D0ED5AEE2463FABB00DA9623 /* BView.swift in Sources */ = {isa = PBXBuildFile; fileRef = D0ED5AE62463FABB00DA9623 /* BView.swift */; };
		D0ED5AF22463FB0400DA9623 /* AppCoordinator.swift in Sources */ = {isa = PBXBuildFile; fileRef = D0ED5AF02463FB0400DA9623 /* AppCoordinator.swift */; };
		D0ED5AF32463FB0400DA9623 /* CoordinatorFactory+AppCoordinator.swift in Sources */ = {isa = PBXBuildFile; fileRef = D0ED5AF12463FB0400DA9623 /* CoordinatorFactory+AppCoordinator.swift */; };
/* End PBXBuildFile section */

/* Begin PBXCopyFilesBuildPhase section */
		D038761E2463F43600A05ABA /* Embed Frameworks */ = {
			isa = PBXCopyFilesBuildPhase;
			buildActionMask = 2147483647;
			dstPath = "";
			dstSubfolderSpec = 10;
			files = (
				D038761B2463F43600A05ABA /* NASAImagesService.framework in Embed Frameworks */,
				D038761D2463F43600A05ABA /* NASAImagesUI.framework in Embed Frameworks */,
				D03876192463F43600A05ABA /* NASAImagesNetwork.framework in Embed Frameworks */,
				D03876172463F43600A05ABA /* NASAImagesCore.framework in Embed Frameworks */,
			);
			name = "Embed Frameworks";
			runOnlyForDeploymentPostprocessing = 0;
		};
/* End PBXCopyFilesBuildPhase section */

/* Begin PBXFileReference section */
		55BF4B481755CC97BE3BDD87 /* Pods_NASAImages.framework */ = {isa = PBXFileReference; explicitFileType = wrapper.framework; includeInIndex = 0; path = Pods_NASAImages.framework; sourceTree = BUILT_PRODUCTS_DIR; };
		8670A909E5EE1EDCADF503B8 /* Pods-NASAImages.release.xcconfig */ = {isa = PBXFileReference; includeInIndex = 1; lastKnownFileType = text.xcconfig; name = "Pods-NASAImages.release.xcconfig"; path = "Target Support Files/Pods-NASAImages/Pods-NASAImages.release.xcconfig"; sourceTree = "<group>"; };
		D03876122463F43600A05ABA /* NASAImagesCore.framework */ = {isa = PBXFileReference; explicitFileType = wrapper.framework; path = NASAImagesCore.framework; sourceTree = BUILT_PRODUCTS_DIR; };
		D03876132463F43600A05ABA /* NASAImagesNetwork.framework */ = {isa = PBXFileReference; explicitFileType = wrapper.framework; path = NASAImagesNetwork.framework; sourceTree = BUILT_PRODUCTS_DIR; };
		D03876142463F43600A05ABA /* NASAImagesService.framework */ = {isa = PBXFileReference; explicitFileType = wrapper.framework; path = NASAImagesService.framework; sourceTree = BUILT_PRODUCTS_DIR; };
		D03876152463F43600A05ABA /* NASAImagesUI.framework */ = {isa = PBXFileReference; explicitFileType = wrapper.framework; path = NASAImagesUI.framework; sourceTree = BUILT_PRODUCTS_DIR; };
		D038762B2463F5B400A05ABA /* R.generated.swift */ = {isa = PBXFileReference; fileEncoding = 4; lastKnownFileType = sourcecode.swift; path = R.generated.swift; sourceTree = "<group>"; };
		D03CC9562463EC2A00E52D2D /* NASAImages.app */ = {isa = PBXFileReference; explicitFileType = wrapper.application; includeInIndex = 0; path = NASAImages.app; sourceTree = BUILT_PRODUCTS_DIR; };
		D03CC9592463EC2A00E52D2D /* AppDelegate.swift */ = {isa = PBXFileReference; lastKnownFileType = sourcecode.swift; path = AppDelegate.swift; sourceTree = "<group>"; };
		D03CC9622463EC2F00E52D2D /* Assets.xcassets */ = {isa = PBXFileReference; lastKnownFileType = folder.assetcatalog; path = Assets.xcassets; sourceTree = "<group>"; };
		D03CC9652463EC2F00E52D2D /* Base */ = {isa = PBXFileReference; lastKnownFileType = file.storyboard; name = Base; path = Base.lproj/LaunchScreen.storyboard; sourceTree = "<group>"; };
		D03CC9672463EC2F00E52D2D /* Info.plist */ = {isa = PBXFileReference; lastKnownFileType = text.plist.xml; path = Info.plist; sourceTree = "<group>"; };
		D049AABF2464445900F13788 /* Alamofire.framework */ = {isa = PBXFileReference; explicitFileType = wrapper.framework; path = Alamofire.framework; sourceTree = BUILT_PRODUCTS_DIR; };
		D049AAD224646A6000F13788 /* ImageDetailViewModel.swift */ = {isa = PBXFileReference; fileEncoding = 4; lastKnownFileType = sourcecode.swift; path = ImageDetailViewModel.swift; sourceTree = "<group>"; };
		D049AAD424646A6000F13788 /* CoordinatorFactory+ImageDetail.swift */ = {isa = PBXFileReference; fileEncoding = 4; lastKnownFileType = sourcecode.swift; path = "CoordinatorFactory+ImageDetail.swift"; sourceTree = "<group>"; };
		D049AAD524646A6000F13788 /* ImageDetailCoordinator.swift */ = {isa = PBXFileReference; fileEncoding = 4; lastKnownFileType = sourcecode.swift; path = ImageDetailCoordinator.swift; sourceTree = "<group>"; };
		D049AAE124646A6000F13788 /* ImageDetailContentView.swift */ = {isa = PBXFileReference; fileEncoding = 4; lastKnownFileType = sourcecode.swift; path = ImageDetailContentView.swift; sourceTree = "<group>"; };
		D049AAE324646A6000F13788 /* ImageDetailViewController.swift */ = {isa = PBXFileReference; fileEncoding = 4; lastKnownFileType = sourcecode.swift; path = ImageDetailViewController.swift; sourceTree = "<group>"; };
		D049AAE424646A6000F13788 /* ImageDetailView.swift */ = {isa = PBXFileReference; fileEncoding = 4; lastKnownFileType = sourcecode.swift; path = ImageDetailView.swift; sourceTree = "<group>"; };
		D049AAE624646A6000F13788 /* ImageDetailFactoryExtension.swift */ = {isa = PBXFileReference; fileEncoding = 4; lastKnownFileType = sourcecode.swift; path = ImageDetailFactoryExtension.swift; sourceTree = "<group>"; };
		D049AAE724646A6000F13788 /* ImageDetailFactory.swift */ = {isa = PBXFileReference; fileEncoding = 4; lastKnownFileType = sourcecode.swift; path = ImageDetailFactory.swift; sourceTree = "<group>"; };
		D049AAF924646BAB00F13788 /* ImageDetailImageCell.swift */ = {isa = PBXFileReference; lastKnownFileType = sourcecode.swift; path = ImageDetailImageCell.swift; sourceTree = "<group>"; };
		D049AAFD24646BC700F13788 /* ImageDetailImageCellViewModel.swift */ = {isa = PBXFileReference; lastKnownFileType = sourcecode.swift; path = ImageDetailImageCellViewModel.swift; sourceTree = "<group>"; };
		D049AB0024646DC700F13788 /* ImageDetailDataSourceItem.swift */ = {isa = PBXFileReference; lastKnownFileType = sourcecode.swift; path = ImageDetailDataSourceItem.swift; sourceTree = "<group>"; };
		D049AB022464705900F13788 /* ImageDetailAttributeCell.swift */ = {isa = PBXFileReference; lastKnownFileType = sourcecode.swift; path = ImageDetailAttributeCell.swift; sourceTree = "<group>"; };
		D049AB042464706200F13788 /* ImageDetailAttributeCellViewModel.swift */ = {isa = PBXFileReference; lastKnownFileType = sourcecode.swift; path = ImageDetailAttributeCellViewModel.swift; sourceTree = "<group>"; };
		D049AB062464707100F13788 /* ImageDetailDescriptionCell.swift */ = {isa = PBXFileReference; lastKnownFileType = sourcecode.swift; path = ImageDetailDescriptionCell.swift; sourceTree = "<group>"; };
		D049AB082464707800F13788 /* ImageDetailDescriptionCellViewModel.swift */ = {isa = PBXFileReference; lastKnownFileType = sourcecode.swift; path = ImageDetailDescriptionCellViewModel.swift; sourceTree = "<group>"; };
		D04BF4012464058700FCAC2E /* ImagesListViewModel.swift */ = {isa = PBXFileReference; fileEncoding = 4; lastKnownFileType = sourcecode.swift; path = ImagesListViewModel.swift; sourceTree = "<group>"; };
		D04BF4032464058700FCAC2E /* CoordinatorFactory+ImagesList.swift */ = {isa = PBXFileReference; fileEncoding = 4; lastKnownFileType = sourcecode.swift; path = "CoordinatorFactory+ImagesList.swift"; sourceTree = "<group>"; };
		D04BF4042464058700FCAC2E /* ImagesListCoordinator.swift */ = {isa = PBXFileReference; fileEncoding = 4; lastKnownFileType = sourcecode.swift; path = ImagesListCoordinator.swift; sourceTree = "<group>"; };
		D04BF4092464058700FCAC2E /* ImagesListContentView.swift */ = {isa = PBXFileReference; fileEncoding = 4; lastKnownFileType = sourcecode.swift; path = ImagesListContentView.swift; sourceTree = "<group>"; };
		D04BF40B2464058700FCAC2E /* ImagesListViewController.swift */ = {isa = PBXFileReference; fileEncoding = 4; lastKnownFileType = sourcecode.swift; path = ImagesListViewController.swift; sourceTree = "<group>"; };
		D04BF40C2464058700FCAC2E /* ImagesListView.swift */ = {isa = PBXFileReference; fileEncoding = 4; lastKnownFileType = sourcecode.swift; path = ImagesListView.swift; sourceTree = "<group>"; };
		D04BF40E2464058700FCAC2E /* ImagesListFactoryExtension.swift */ = {isa = PBXFileReference; fileEncoding = 4; lastKnownFileType = sourcecode.swift; path = ImagesListFactoryExtension.swift; sourceTree = "<group>"; };
		D04BF40F2464058700FCAC2E /* ImagesListFactory.swift */ = {isa = PBXFileReference; fileEncoding = 4; lastKnownFileType = sourcecode.swift; path = ImagesListFactory.swift; sourceTree = "<group>"; };
		D04BF41A2464069200FCAC2E /* ImageCell.swift */ = {isa = PBXFileReference; fileEncoding = 4; lastKnownFileType = sourcecode.swift; path = ImageCell.swift; sourceTree = "<group>"; };
		D04BF41B2464069200FCAC2E /* ImageCellViewModel.swift */ = {isa = PBXFileReference; fileEncoding = 4; lastKnownFileType = sourcecode.swift; path = ImageCellViewModel.swift; sourceTree = "<group>"; };
		D0A2741C24648ABD00A39783 /* en */ = {isa = PBXFileReference; lastKnownFileType = text.plist.strings; name = en; path = en.lproj/Localizable.strings; sourceTree = "<group>"; };
		D0C6C75224641DCC00812EA3 /* Alamofire.framework */ = {isa = PBXFileReference; explicitFileType = wrapper.framework; path = Alamofire.framework; sourceTree = BUILT_PRODUCTS_DIR; };
		D0ED5AC32463F83F00DA9623 /* cs */ = {isa = PBXFileReference; lastKnownFileType = text.plist.strings; name = cs; path = cs.lproj/LaunchScreen.strings; sourceTree = "<group>"; };
		D0ED5AC72463F85F00DA9623 /* cs */ = {isa = PBXFileReference; lastKnownFileType = text.plist.strings; name = cs; path = cs.lproj/Localizable.strings; sourceTree = "<group>"; };
		D0ED5ACA2463F88200DA9623 /* CoordinatorFactory.swift */ = {isa = PBXFileReference; lastKnownFileType = sourcecode.swift; path = CoordinatorFactory.swift; sourceTree = "<group>"; };
		D0ED5ACC2463F91000DA9623 /* CoordinatorFactoryImp.swift */ = {isa = PBXFileReference; lastKnownFileType = sourcecode.swift; path = CoordinatorFactoryImp.swift; sourceTree = "<group>"; };
		D0ED5ACE2463F91C00DA9623 /* ModuleFactoryImp.swift */ = {isa = PBXFileReference; lastKnownFileType = sourcecode.swift; path = ModuleFactoryImp.swift; sourceTree = "<group>"; };
		D0ED5ADC2463FA4300DA9623 /* NavigationController.swift */ = {isa = PBXFileReference; lastKnownFileType = sourcecode.swift; path = NavigationController.swift; sourceTree = "<group>"; };
		D0ED5ADE2463FABA00DA9623 /* BaseCoordinator.swift */ = {isa = PBXFileReference; fileEncoding = 4; lastKnownFileType = sourcecode.swift; path = BaseCoordinator.swift; sourceTree = "<group>"; };
		D0ED5ADF2463FABA00DA9623 /* BViewModel.swift */ = {isa = PBXFileReference; fileEncoding = 4; lastKnownFileType = sourcecode.swift; path = BViewModel.swift; sourceTree = "<group>"; };
		D0ED5AE12463FABA00DA9623 /* TableViewPlaceholderViewModel.swift */ = {isa = PBXFileReference; fileEncoding = 4; lastKnownFileType = sourcecode.swift; path = TableViewPlaceholderViewModel.swift; sourceTree = "<group>"; };
		D0ED5AE22463FABA00DA9623 /* TableViewPlaceholderView.swift */ = {isa = PBXFileReference; fileEncoding = 4; lastKnownFileType = sourcecode.swift; path = TableViewPlaceholderView.swift; sourceTree = "<group>"; };
		D0ED5AE32463FABB00DA9623 /* RouterImp.swift */ = {isa = PBXFileReference; fileEncoding = 4; lastKnownFileType = sourcecode.swift; path = RouterImp.swift; sourceTree = "<group>"; };
		D0ED5AE42463FABB00DA9623 /* BCell.swift */ = {isa = PBXFileReference; fileEncoding = 4; lastKnownFileType = sourcecode.swift; path = BCell.swift; sourceTree = "<group>"; };
		D0ED5AE52463FABB00DA9623 /* BViewController.swift */ = {isa = PBXFileReference; fileEncoding = 4; lastKnownFileType = sourcecode.swift; path = BViewController.swift; sourceTree = "<group>"; };
		D0ED5AE62463FABB00DA9623 /* BView.swift */ = {isa = PBXFileReference; fileEncoding = 4; lastKnownFileType = sourcecode.swift; path = BView.swift; sourceTree = "<group>"; };
		D0ED5AF02463FB0400DA9623 /* AppCoordinator.swift */ = {isa = PBXFileReference; fileEncoding = 4; lastKnownFileType = sourcecode.swift; path = AppCoordinator.swift; sourceTree = "<group>"; };
		D0ED5AF12463FB0400DA9623 /* CoordinatorFactory+AppCoordinator.swift */ = {isa = PBXFileReference; fileEncoding = 4; lastKnownFileType = sourcecode.swift; path = "CoordinatorFactory+AppCoordinator.swift"; sourceTree = "<group>"; };
		D6583467D9F8813C25CC81AD /* Pods-NASAImages.debug.xcconfig */ = {isa = PBXFileReference; includeInIndex = 1; lastKnownFileType = text.xcconfig; name = "Pods-NASAImages.debug.xcconfig"; path = "Target Support Files/Pods-NASAImages/Pods-NASAImages.debug.xcconfig"; sourceTree = "<group>"; };
/* End PBXFileReference section */

/* Begin PBXFrameworksBuildPhase section */
		D03CC9532463EC2A00E52D2D /* Frameworks */ = {
			isa = PBXFrameworksBuildPhase;
			buildActionMask = 2147483647;
			files = (
				D03876182463F43600A05ABA /* NASAImagesNetwork.framework in Frameworks */,
				D038761C2463F43600A05ABA /* NASAImagesUI.framework in Frameworks */,
				D038761A2463F43600A05ABA /* NASAImagesService.framework in Frameworks */,
				D03876162463F43600A05ABA /* NASAImagesCore.framework in Frameworks */,
				3B6E201EE6F020569BE32244 /* Pods_NASAImages.framework in Frameworks */,
			);
			runOnlyForDeploymentPostprocessing = 0;
		};
/* End PBXFrameworksBuildPhase section */

/* Begin PBXGroup section */
		4E4634262330BE2A02A3127B /* Frameworks */ = {
			isa = PBXGroup;
			children = (
				D049AABF2464445900F13788 /* Alamofire.framework */,
				D0C6C75224641DCC00812EA3 /* Alamofire.framework */,
				D03876122463F43600A05ABA /* NASAImagesCore.framework */,
				D03876132463F43600A05ABA /* NASAImagesNetwork.framework */,
				D03876142463F43600A05ABA /* NASAImagesService.framework */,
				D03876152463F43600A05ABA /* NASAImagesUI.framework */,
				55BF4B481755CC97BE3BDD87 /* Pods_NASAImages.framework */,
			);
			name = Frameworks;
			sourceTree = "<group>";
		};
		AF97064AE20535CC954DFDE2 /* Pods */ = {
			isa = PBXGroup;
			children = (
				D6583467D9F8813C25CC81AD /* Pods-NASAImages.debug.xcconfig */,
				8670A909E5EE1EDCADF503B8 /* Pods-NASAImages.release.xcconfig */,
			);
			path = Pods;
			sourceTree = "<group>";
		};
		D03876292463F4DE00A05ABA /* Supporting files */ = {
			isa = PBXGroup;
			children = (
				D038762A2463F4E900A05ABA /* Generated files */,
			);
			path = "Supporting files";
			sourceTree = "<group>";
		};
		D038762A2463F4E900A05ABA /* Generated files */ = {
			isa = PBXGroup;
			children = (
				D038762B2463F5B400A05ABA /* R.generated.swift */,
			);
			path = "Generated files";
			sourceTree = "<group>";
		};
		D03CC94D2463EC2A00E52D2D = {
			isa = PBXGroup;
			children = (
				D03CC9582463EC2A00E52D2D /* NASAImages */,
				D03CC9572463EC2A00E52D2D /* Products */,
				AF97064AE20535CC954DFDE2 /* Pods */,
				4E4634262330BE2A02A3127B /* Frameworks */,
			);
			sourceTree = "<group>";
		};
		D03CC9572463EC2A00E52D2D /* Products */ = {
			isa = PBXGroup;
			children = (
				D03CC9562463EC2A00E52D2D /* NASAImages.app */,
			);
			name = Products;
			sourceTree = "<group>";
		};
		D03CC9582463EC2A00E52D2D /* NASAImages */ = {
			isa = PBXGroup;
			children = (
				D03CC9592463EC2A00E52D2D /* AppDelegate.swift */,
				D03CC9672463EC2F00E52D2D /* Info.plist */,
				D03CC9622463EC2F00E52D2D /* Assets.xcassets */,
				D03CC9642463EC2F00E52D2D /* LaunchScreen.storyboard */,
				D0ED5AC82463F85F00DA9623 /* Localizable.strings */,
				D0ED5AC22463F81200DA9623 /* Modules */,
				D0ED5AC92463F86800DA9623 /* Factory */,
				D03876292463F4DE00A05ABA /* Supporting files */,
			);
			path = NASAImages;
			sourceTree = "<group>";
		};
		D049AAD024646A6000F13788 /* ImageDetail */ = {
			isa = PBXGroup;
			children = (
				D049AAE524646A6000F13788 /* Factory */,
				D049AAD324646A6000F13788 /* Coordinator */,
				D049AAE224646A6000F13788 /* ViewController */,
				D049AAE024646A6000F13788 /* View */,
				D049AAD124646A6000F13788 /* ViewModel */,
				D049AAFF24646DB600F13788 /* Model */,
				D049AAD624646A6000F13788 /* Cell */,
			);
			path = ImageDetail;
			sourceTree = "<group>";
		};
		D049AAD124646A6000F13788 /* ViewModel */ = {
			isa = PBXGroup;
			children = (
				D049AAD224646A6000F13788 /* ImageDetailViewModel.swift */,
			);
			path = ViewModel;
			sourceTree = "<group>";
		};
		D049AAD324646A6000F13788 /* Coordinator */ = {
			isa = PBXGroup;
			children = (
				D049AAD424646A6000F13788 /* CoordinatorFactory+ImageDetail.swift */,
				D049AAD524646A6000F13788 /* ImageDetailCoordinator.swift */,
			);
			path = Coordinator;
			sourceTree = "<group>";
		};
		D049AAD624646A6000F13788 /* Cell */ = {
			isa = PBXGroup;
			children = (
				D049AAF924646BAB00F13788 /* ImageDetailImageCell.swift */,
				D049AAFD24646BC700F13788 /* ImageDetailImageCellViewModel.swift */,
				D049AB062464707100F13788 /* ImageDetailDescriptionCell.swift */,
				D049AB082464707800F13788 /* ImageDetailDescriptionCellViewModel.swift */,
				D049AB022464705900F13788 /* ImageDetailAttributeCell.swift */,
				D049AB042464706200F13788 /* ImageDetailAttributeCellViewModel.swift */,
			);
			path = Cell;
			sourceTree = "<group>";
		};
		D049AAE024646A6000F13788 /* View */ = {
			isa = PBXGroup;
			children = (
				D049AAE124646A6000F13788 /* ImageDetailContentView.swift */,
			);
			path = View;
			sourceTree = "<group>";
		};
		D049AAE224646A6000F13788 /* ViewController */ = {
			isa = PBXGroup;
			children = (
				D049AAE424646A6000F13788 /* ImageDetailView.swift */,
				D049AAE324646A6000F13788 /* ImageDetailViewController.swift */,
			);
			path = ViewController;
			sourceTree = "<group>";
		};
		D049AAE524646A6000F13788 /* Factory */ = {
			isa = PBXGroup;
			children = (
				D049AAE724646A6000F13788 /* ImageDetailFactory.swift */,
				D049AAE624646A6000F13788 /* ImageDetailFactoryExtension.swift */,
			);
			path = Factory;
			sourceTree = "<group>";
		};
		D049AAFF24646DB600F13788 /* Model */ = {
			isa = PBXGroup;
			children = (
				D049AB0024646DC700F13788 /* ImageDetailDataSourceItem.swift */,
			);
			path = Model;
			sourceTree = "<group>";
		};
		D04BF3FF2464058700FCAC2E /* ImagesList */ = {
			isa = PBXGroup;
			children = (
				D04BF40D2464058700FCAC2E /* Factory */,
				D04BF4022464058700FCAC2E /* Coordinator */,
				D04BF40A2464058700FCAC2E /* ViewController */,
				D04BF4082464058700FCAC2E /* View */,
				D04BF4002464058700FCAC2E /* ViewModel */,
				D04BF4052464058700FCAC2E /* Cell */,
			);
			path = ImagesList;
			sourceTree = "<group>";
		};
		D04BF4002464058700FCAC2E /* ViewModel */ = {
			isa = PBXGroup;
			children = (
				D04BF4012464058700FCAC2E /* ImagesListViewModel.swift */,
			);
			path = ViewModel;
			sourceTree = "<group>";
		};
		D04BF4022464058700FCAC2E /* Coordinator */ = {
			isa = PBXGroup;
			children = (
				D04BF4032464058700FCAC2E /* CoordinatorFactory+ImagesList.swift */,
				D04BF4042464058700FCAC2E /* ImagesListCoordinator.swift */,
			);
			path = Coordinator;
			sourceTree = "<group>";
		};
		D04BF4052464058700FCAC2E /* Cell */ = {
			isa = PBXGroup;
			children = (
				D04BF41A2464069200FCAC2E /* ImageCell.swift */,
				D04BF41B2464069200FCAC2E /* ImageCellViewModel.swift */,
			);
			path = Cell;
			sourceTree = "<group>";
		};
		D04BF4082464058700FCAC2E /* View */ = {
			isa = PBXGroup;
			children = (
				D04BF4092464058700FCAC2E /* ImagesListContentView.swift */,
			);
			path = View;
			sourceTree = "<group>";
		};
		D04BF40A2464058700FCAC2E /* ViewController */ = {
			isa = PBXGroup;
			children = (
				D04BF40C2464058700FCAC2E /* ImagesListView.swift */,
				D04BF40B2464058700FCAC2E /* ImagesListViewController.swift */,
			);
			path = ViewController;
			sourceTree = "<group>";
		};
		D04BF40D2464058700FCAC2E /* Factory */ = {
			isa = PBXGroup;
			children = (
				D04BF40E2464058700FCAC2E /* ImagesListFactoryExtension.swift */,
				D04BF40F2464058700FCAC2E /* ImagesListFactory.swift */,
			);
			path = Factory;
			sourceTree = "<group>";
		};
		D0ED5AC22463F81200DA9623 /* Modules */ = {
			isa = PBXGroup;
			children = (
				D0ED5AD92463F9E700DA9623 /* Base */,
				D0ED5AEF2463FB0400DA9623 /* App */,
				D04BF3FF2464058700FCAC2E /* ImagesList */,
				D049AAD024646A6000F13788 /* ImageDetail */,
			);
			path = Modules;
			sourceTree = "<group>";
		};
		D0ED5AC92463F86800DA9623 /* Factory */ = {
			isa = PBXGroup;
			children = (
				D0ED5ACA2463F88200DA9623 /* CoordinatorFactory.swift */,
				D0ED5ACC2463F91000DA9623 /* CoordinatorFactoryImp.swift */,
				D0ED5ACE2463F91C00DA9623 /* ModuleFactoryImp.swift */,
			);
			path = Factory;
			sourceTree = "<group>";
		};
		D0ED5AD92463F9E700DA9623 /* Base */ = {
			isa = PBXGroup;
			children = (
				D0ED5AE52463FABB00DA9623 /* BViewController.swift */,
				D0ED5ADF2463FABA00DA9623 /* BViewModel.swift */,
				D0ED5AE62463FABB00DA9623 /* BView.swift */,
				D0ED5ADE2463FABA00DA9623 /* BaseCoordinator.swift */,
				D0ED5AE42463FABB00DA9623 /* BCell.swift */,
				D0ED5AE32463FABB00DA9623 /* RouterImp.swift */,
				D0ED5AE02463FABA00DA9623 /* Placeholder */,
				D0ED5ADB2463FA2D00DA9623 /* NavigationController */,
			);
			path = Base;
			sourceTree = "<group>";
		};
		D0ED5ADB2463FA2D00DA9623 /* NavigationController */ = {
			isa = PBXGroup;
			children = (
				D0ED5ADC2463FA4300DA9623 /* NavigationController.swift */,
			);
			path = NavigationController;
			sourceTree = "<group>";
		};
		D0ED5AE02463FABA00DA9623 /* Placeholder */ = {
			isa = PBXGroup;
			children = (
				D0ED5AE12463FABA00DA9623 /* TableViewPlaceholderViewModel.swift */,
				D0ED5AE22463FABA00DA9623 /* TableViewPlaceholderView.swift */,
			);
			path = Placeholder;
			sourceTree = "<group>";
		};
		D0ED5AEF2463FB0400DA9623 /* App */ = {
			isa = PBXGroup;
			children = (
				D0ED5AF12463FB0400DA9623 /* CoordinatorFactory+AppCoordinator.swift */,
				D0ED5AF02463FB0400DA9623 /* AppCoordinator.swift */,
			);
			path = App;
			sourceTree = "<group>";
		};
/* End PBXGroup section */

/* Begin PBXNativeTarget section */
		D03CC9552463EC2A00E52D2D /* NASAImages */ = {
			isa = PBXNativeTarget;
			buildConfigurationList = D03CC96A2463EC2F00E52D2D /* Build configuration list for PBXNativeTarget "NASAImages" */;
			buildPhases = (
				DA4D2582019358DABA38A60C /* [CP] Check Pods Manifest.lock */,
				D03876282463F4CE00A05ABA /* R.swift */,
				D03CC9522463EC2A00E52D2D /* Sources */,
				D03CC9532463EC2A00E52D2D /* Frameworks */,
				D03CC9542463EC2A00E52D2D /* Resources */,
				D038762D2463F5CC00A05ABA /* SwiftLint */,
				D038761E2463F43600A05ABA /* Embed Frameworks */,
				FE083575F105D1C8B09B6CCD /* [CP] Embed Pods Frameworks */,
			);
			buildRules = (
			);
			dependencies = (
			);
			name = NASAImages;
			productName = NasaImages;
			productReference = D03CC9562463EC2A00E52D2D /* NASAImages.app */;
			productType = "com.apple.product-type.application";
		};
/* End PBXNativeTarget section */

/* Begin PBXProject section */
		D03CC94E2463EC2A00E52D2D /* Project object */ = {
			isa = PBXProject;
			attributes = {
				LastSwiftUpdateCheck = 1120;
				LastUpgradeCheck = 1120;
				ORGANIZATIONNAME = "Robert Dresler";
				TargetAttributes = {
					D03CC9552463EC2A00E52D2D = {
						CreatedOnToolsVersion = 11.2.1;
					};
				};
			};
			buildConfigurationList = D03CC9512463EC2A00E52D2D /* Build configuration list for PBXProject "NASAImages" */;
			compatibilityVersion = "Xcode 9.3";
			developmentRegion = en;
			hasScannedForEncodings = 0;
			knownRegions = (
				en,
				Base,
				cs,
			);
			mainGroup = D03CC94D2463EC2A00E52D2D;
			productRefGroup = D03CC9572463EC2A00E52D2D /* Products */;
			projectDirPath = "";
			projectRoot = "";
			targets = (
				D03CC9552463EC2A00E52D2D /* NASAImages */,
			);
		};
/* End PBXProject section */

/* Begin PBXResourcesBuildPhase section */
		D03CC9542463EC2A00E52D2D /* Resources */ = {
			isa = PBXResourcesBuildPhase;
			buildActionMask = 2147483647;
			files = (
				D03CC9662463EC2F00E52D2D /* LaunchScreen.storyboard in Resources */,
				D0ED5AC62463F85F00DA9623 /* Localizable.strings in Resources */,
				D03CC9632463EC2F00E52D2D /* Assets.xcassets in Resources */,
			);
			runOnlyForDeploymentPostprocessing = 0;
		};
/* End PBXResourcesBuildPhase section */

/* Begin PBXShellScriptBuildPhase section */
		D03876282463F4CE00A05ABA /* R.swift */ = {
			isa = PBXShellScriptBuildPhase;
			buildActionMask = 2147483647;
			files = (
			);
			inputFileListPaths = (
			);
			inputPaths = (
				"$TEMP_DIR/rswift-lastrun",
			);
			name = R.swift;
			outputFileListPaths = (
			);
			outputPaths = (
				"$SRCROOT/NASAImages/Supporting files/Generated files/R.generated.swift",
			);
			runOnlyForDeploymentPostprocessing = 0;
			shellPath = /bin/sh;
			shellScript = "\"$PODS_ROOT/R.swift/rswift\" generate \"$SRCROOT/NASAImages/Supporting files/Generated files/R.generated.swift\"\n";
		};
		D038762D2463F5CC00A05ABA /* SwiftLint */ = {
			isa = PBXShellScriptBuildPhase;
			buildActionMask = 2147483647;
			files = (
			);
			inputFileListPaths = (
			);
			inputPaths = (
			);
			name = SwiftLint;
			outputFileListPaths = (
			);
			outputPaths = (
			);
			runOnlyForDeploymentPostprocessing = 0;
			shellPath = /bin/sh;
			shellScript = "\"${PODS_ROOT}/SwiftLint/swiftlint\"\n";
		};
		DA4D2582019358DABA38A60C /* [CP] Check Pods Manifest.lock */ = {
			isa = PBXShellScriptBuildPhase;
			buildActionMask = 2147483647;
			files = (
			);
			inputFileListPaths = (
			);
			inputPaths = (
				"${PODS_PODFILE_DIR_PATH}/Podfile.lock",
				"${PODS_ROOT}/Manifest.lock",
			);
			name = "[CP] Check Pods Manifest.lock";
			outputFileListPaths = (
			);
			outputPaths = (
				"$(DERIVED_FILE_DIR)/Pods-NASAImages-checkManifestLockResult.txt",
			);
			runOnlyForDeploymentPostprocessing = 0;
			shellPath = /bin/sh;
			shellScript = "diff \"${PODS_PODFILE_DIR_PATH}/Podfile.lock\" \"${PODS_ROOT}/Manifest.lock\" > /dev/null\nif [ $? != 0 ] ; then\n    # print error to STDERR\n    echo \"error: The sandbox is not in sync with the Podfile.lock. Run 'pod install' or update your CocoaPods installation.\" >&2\n    exit 1\nfi\n# This output is used by Xcode 'outputs' to avoid re-running this script phase.\necho \"SUCCESS\" > \"${SCRIPT_OUTPUT_FILE_0}\"\n";
			showEnvVarsInLog = 0;
		};
		FE083575F105D1C8B09B6CCD /* [CP] Embed Pods Frameworks */ = {
			isa = PBXShellScriptBuildPhase;
			buildActionMask = 2147483647;
			files = (
			);
			inputFileListPaths = (
				"${PODS_ROOT}/Target Support Files/Pods-NASAImages/Pods-NASAImages-frameworks-${CONFIGURATION}-input-files.xcfilelist",
			);
			name = "[CP] Embed Pods Frameworks";
			outputFileListPaths = (
				"${PODS_ROOT}/Target Support Files/Pods-NASAImages/Pods-NASAImages-frameworks-${CONFIGURATION}-output-files.xcfilelist",
			);
			runOnlyForDeploymentPostprocessing = 0;
			shellPath = /bin/sh;
			shellScript = "\"${PODS_ROOT}/Target Support Files/Pods-NASAImages/Pods-NASAImages-frameworks.sh\"\n";
			showEnvVarsInLog = 0;
		};
/* End PBXShellScriptBuildPhase section */

/* Begin PBXSourcesBuildPhase section */
		D03CC9522463EC2A00E52D2D /* Sources */ = {
			isa = PBXSourcesBuildPhase;
			buildActionMask = 2147483647;
			files = (
				D049AAF724646A6000F13788 /* ImageDetailFactoryExtension.swift in Sources */,
				D049AAFA24646BAB00F13788 /* ImageDetailImageCell.swift in Sources */,
				D049AAE824646A6000F13788 /* ImageDetailViewModel.swift in Sources */,
				D049AAF424646A6000F13788 /* ImageDetailContentView.swift in Sources */,
				D0ED5AF32463FB0400DA9623 /* CoordinatorFactory+AppCoordinator.swift in Sources */,
				D049AB072464707100F13788 /* ImageDetailDescriptionCell.swift in Sources */,
				D0ED5AEE2463FABB00DA9623 /* BView.swift in Sources */,
				D0ED5ACF2463F91C00DA9623 /* ModuleFactoryImp.swift in Sources */,
				D0ED5AEC2463FABB00DA9623 /* BCell.swift in Sources */,
				D0ED5AF22463FB0400DA9623 /* AppCoordinator.swift in Sources */,
				D049AAFE24646BC700F13788 /* ImageDetailImageCellViewModel.swift in Sources */,
				D03CC95A2463EC2A00E52D2D /* AppDelegate.swift in Sources */,
				D038762C2463F5B400A05ABA /* R.generated.swift in Sources */,
				D04BF4102464058700FCAC2E /* ImagesListViewModel.swift in Sources */,
				D0ED5AEA2463FABB00DA9623 /* TableViewPlaceholderView.swift in Sources */,
				D04BF41C2464069200FCAC2E /* ImageCell.swift in Sources */,
				D0ED5ACD2463F91000DA9623 /* CoordinatorFactoryImp.swift in Sources */,
				D049AAE924646A6000F13788 /* CoordinatorFactory+ImageDetail.swift in Sources */,
				D0ED5AED2463FABB00DA9623 /* BViewController.swift in Sources */,
				D049AAF824646A6000F13788 /* ImageDetailFactory.swift in Sources */,
				D04BF4152464058700FCAC2E /* ImagesListContentView.swift in Sources */,
				D049AAF624646A6000F13788 /* ImageDetailView.swift in Sources */,
				D04BF4182464058700FCAC2E /* ImagesListFactoryExtension.swift in Sources */,
				D049AB0124646DC700F13788 /* ImageDetailDataSourceItem.swift in Sources */,
				D04BF41D2464069200FCAC2E /* ImageCellViewModel.swift in Sources */,
				D04BF4122464058700FCAC2E /* ImagesListCoordinator.swift in Sources */,
				D049AAEA24646A6000F13788 /* ImageDetailCoordinator.swift in Sources */,
				D0ED5AE82463FABB00DA9623 /* BViewModel.swift in Sources */,
				D0ED5AE92463FABB00DA9623 /* TableViewPlaceholderViewModel.swift in Sources */,
				D0ED5ADD2463FA4300DA9623 /* NavigationController.swift in Sources */,
				D04BF4192464058700FCAC2E /* ImagesListFactory.swift in Sources */,
				D04BF4162464058700FCAC2E /* ImagesListViewController.swift in Sources */,
				D04BF4172464058700FCAC2E /* ImagesListView.swift in Sources */,
				D0ED5AEB2463FABB00DA9623 /* RouterImp.swift in Sources */,
				D049AB052464706200F13788 /* ImageDetailAttributeCellViewModel.swift in Sources */,
				D049AB092464707800F13788 /* ImageDetailDescriptionCellViewModel.swift in Sources */,
				D0ED5ACB2463F88200DA9623 /* CoordinatorFactory.swift in Sources */,
				D04BF4112464058700FCAC2E /* CoordinatorFactory+ImagesList.swift in Sources */,
				D049AB032464705900F13788 /* ImageDetailAttributeCell.swift in Sources */,
				D0ED5AE72463FABB00DA9623 /* BaseCoordinator.swift in Sources */,
				D049AAF524646A6000F13788 /* ImageDetailViewController.swift in Sources */,
			);
			runOnlyForDeploymentPostprocessing = 0;
		};
/* End PBXSourcesBuildPhase section */

/* Begin PBXVariantGroup section */
		D03CC9642463EC2F00E52D2D /* LaunchScreen.storyboard */ = {
			isa = PBXVariantGroup;
			children = (
				D03CC9652463EC2F00E52D2D /* Base */,
				D0ED5AC32463F83F00DA9623 /* cs */,
			);
			name = LaunchScreen.storyboard;
			sourceTree = "<group>";
		};
		D0ED5AC82463F85F00DA9623 /* Localizable.strings */ = {
			isa = PBXVariantGroup;
			children = (
				D0ED5AC72463F85F00DA9623 /* cs */,
				D0A2741C24648ABD00A39783 /* en */,
			);
			name = Localizable.strings;
			sourceTree = "<group>";
		};
/* End PBXVariantGroup section */

/* Begin XCBuildConfiguration section */
		D03CC9682463EC2F00E52D2D /* Debug */ = {
			isa = XCBuildConfiguration;
			buildSettings = {
				ALWAYS_SEARCH_USER_PATHS = NO;
				CLANG_ANALYZER_LOCALIZABILITY_NONLOCALIZED = YES;
				CLANG_ANALYZER_NONNULL = YES;
				CLANG_ANALYZER_NUMBER_OBJECT_CONVERSION = YES_AGGRESSIVE;
				CLANG_CXX_LANGUAGE_STANDARD = "gnu++14";
				CLANG_CXX_LIBRARY = "libc++";
				CLANG_ENABLE_MODULES = YES;
				CLANG_ENABLE_OBJC_ARC = YES;
				CLANG_ENABLE_OBJC_WEAK = YES;
				CLANG_WARN_BLOCK_CAPTURE_AUTORELEASING = YES;
				CLANG_WARN_BOOL_CONVERSION = YES;
				CLANG_WARN_COMMA = YES;
				CLANG_WARN_CONSTANT_CONVERSION = YES;
				CLANG_WARN_DEPRECATED_OBJC_IMPLEMENTATIONS = YES;
				CLANG_WARN_DIRECT_OBJC_ISA_USAGE = YES_ERROR;
				CLANG_WARN_DOCUMENTATION_COMMENTS = YES;
				CLANG_WARN_EMPTY_BODY = YES;
				CLANG_WARN_ENUM_CONVERSION = YES;
				CLANG_WARN_INFINITE_RECURSION = YES;
				CLANG_WARN_INT_CONVERSION = YES;
				CLANG_WARN_NON_LITERAL_NULL_CONVERSION = YES;
				CLANG_WARN_OBJC_IMPLICIT_RETAIN_SELF = YES;
				CLANG_WARN_OBJC_LITERAL_CONVERSION = YES;
				CLANG_WARN_OBJC_ROOT_CLASS = YES_ERROR;
				CLANG_WARN_RANGE_LOOP_ANALYSIS = YES;
				CLANG_WARN_STRICT_PROTOTYPES = YES;
				CLANG_WARN_SUSPICIOUS_MOVE = YES;
				CLANG_WARN_UNGUARDED_AVAILABILITY = YES_AGGRESSIVE;
				CLANG_WARN_UNREACHABLE_CODE = YES;
				CLANG_WARN__DUPLICATE_METHOD_MATCH = YES;
				COPY_PHASE_STRIP = NO;
				DEBUG_INFORMATION_FORMAT = dwarf;
				ENABLE_STRICT_OBJC_MSGSEND = YES;
				ENABLE_TESTABILITY = YES;
				GCC_C_LANGUAGE_STANDARD = gnu11;
				GCC_DYNAMIC_NO_PIC = NO;
				GCC_NO_COMMON_BLOCKS = YES;
				GCC_OPTIMIZATION_LEVEL = 0;
				GCC_PREPROCESSOR_DEFINITIONS = (
					"DEBUG=1",
					"$(inherited)",
				);
				GCC_WARN_64_TO_32_BIT_CONVERSION = YES;
				GCC_WARN_ABOUT_RETURN_TYPE = YES_ERROR;
				GCC_WARN_UNDECLARED_SELECTOR = YES;
				GCC_WARN_UNINITIALIZED_AUTOS = YES_AGGRESSIVE;
				GCC_WARN_UNUSED_FUNCTION = YES;
				GCC_WARN_UNUSED_VARIABLE = YES;
				IPHONEOS_DEPLOYMENT_TARGET = 11.0;
				MTL_ENABLE_DEBUG_INFO = INCLUDE_SOURCE;
				MTL_FAST_MATH = YES;
				ONLY_ACTIVE_ARCH = YES;
				SDKROOT = iphoneos;
				SWIFT_ACTIVE_COMPILATION_CONDITIONS = DEBUG;
				SWIFT_OPTIMIZATION_LEVEL = "-Onone";
			};
			name = Debug;
		};
		D03CC9692463EC2F00E52D2D /* Release */ = {
			isa = XCBuildConfiguration;
			buildSettings = {
				ALWAYS_SEARCH_USER_PATHS = NO;
				CLANG_ANALYZER_LOCALIZABILITY_NONLOCALIZED = YES;
				CLANG_ANALYZER_NONNULL = YES;
				CLANG_ANALYZER_NUMBER_OBJECT_CONVERSION = YES_AGGRESSIVE;
				CLANG_CXX_LANGUAGE_STANDARD = "gnu++14";
				CLANG_CXX_LIBRARY = "libc++";
				CLANG_ENABLE_MODULES = YES;
				CLANG_ENABLE_OBJC_ARC = YES;
				CLANG_ENABLE_OBJC_WEAK = YES;
				CLANG_WARN_BLOCK_CAPTURE_AUTORELEASING = YES;
				CLANG_WARN_BOOL_CONVERSION = YES;
				CLANG_WARN_COMMA = YES;
				CLANG_WARN_CONSTANT_CONVERSION = YES;
				CLANG_WARN_DEPRECATED_OBJC_IMPLEMENTATIONS = YES;
				CLANG_WARN_DIRECT_OBJC_ISA_USAGE = YES_ERROR;
				CLANG_WARN_DOCUMENTATION_COMMENTS = YES;
				CLANG_WARN_EMPTY_BODY = YES;
				CLANG_WARN_ENUM_CONVERSION = YES;
				CLANG_WARN_INFINITE_RECURSION = YES;
				CLANG_WARN_INT_CONVERSION = YES;
				CLANG_WARN_NON_LITERAL_NULL_CONVERSION = YES;
				CLANG_WARN_OBJC_IMPLICIT_RETAIN_SELF = YES;
				CLANG_WARN_OBJC_LITERAL_CONVERSION = YES;
				CLANG_WARN_OBJC_ROOT_CLASS = YES_ERROR;
				CLANG_WARN_RANGE_LOOP_ANALYSIS = YES;
				CLANG_WARN_STRICT_PROTOTYPES = YES;
				CLANG_WARN_SUSPICIOUS_MOVE = YES;
				CLANG_WARN_UNGUARDED_AVAILABILITY = YES_AGGRESSIVE;
				CLANG_WARN_UNREACHABLE_CODE = YES;
				CLANG_WARN__DUPLICATE_METHOD_MATCH = YES;
				COPY_PHASE_STRIP = NO;
				DEBUG_INFORMATION_FORMAT = "dwarf-with-dsym";
				ENABLE_NS_ASSERTIONS = NO;
				ENABLE_STRICT_OBJC_MSGSEND = YES;
				GCC_C_LANGUAGE_STANDARD = gnu11;
				GCC_NO_COMMON_BLOCKS = YES;
				GCC_WARN_64_TO_32_BIT_CONVERSION = YES;
				GCC_WARN_ABOUT_RETURN_TYPE = YES_ERROR;
				GCC_WARN_UNDECLARED_SELECTOR = YES;
				GCC_WARN_UNINITIALIZED_AUTOS = YES_AGGRESSIVE;
				GCC_WARN_UNUSED_FUNCTION = YES;
				GCC_WARN_UNUSED_VARIABLE = YES;
				IPHONEOS_DEPLOYMENT_TARGET = 11.0;
				MTL_ENABLE_DEBUG_INFO = NO;
				MTL_FAST_MATH = YES;
				SDKROOT = iphoneos;
				SWIFT_COMPILATION_MODE = wholemodule;
				SWIFT_OPTIMIZATION_LEVEL = "-O";
				VALIDATE_PRODUCT = YES;
			};
			name = Release;
		};
		D03CC96B2463EC2F00E52D2D /* Debug */ = {
			isa = XCBuildConfiguration;
			baseConfigurationReference = D6583467D9F8813C25CC81AD /* Pods-NASAImages.debug.xcconfig */;
			buildSettings = {
				ASSETCATALOG_COMPILER_APPICON_NAME = AppIcon;
				CODE_SIGN_STYLE = Automatic;
				DEVELOPMENT_TEAM = AVDWUBF35V;
				INFOPLIST_FILE = NasaImages/Info.plist;
				IPHONEOS_DEPLOYMENT_TARGET = 11.0;
				LD_RUNPATH_SEARCH_PATHS = (
					"$(inherited)",
					"@executable_path/Frameworks",
				);
				PRODUCT_BUNDLE_IDENTIFIER = cz.RobertDresler.NASAImages;
				PRODUCT_NAME = NASAImages;
				SWIFT_ACTIVE_COMPILATION_CONDITIONS = "DEBUG NETFOX";
				SWIFT_VERSION = 4.2;
				TARGETED_DEVICE_FAMILY = 1;
			};
			name = Debug;
		};
		D03CC96C2463EC2F00E52D2D /* Release */ = {
			isa = XCBuildConfiguration;
			baseConfigurationReference = 8670A909E5EE1EDCADF503B8 /* Pods-NASAImages.release.xcconfig */;
			buildSettings = {
				ASSETCATALOG_COMPILER_APPICON_NAME = AppIcon;
				CODE_SIGN_STYLE = Automatic;
				DEVELOPMENT_TEAM = AVDWUBF35V;
				INFOPLIST_FILE = NasaImages/Info.plist;
				IPHONEOS_DEPLOYMENT_TARGET = 11.0;
				LD_RUNPATH_SEARCH_PATHS = (
					"$(inherited)",
					"@executable_path/Frameworks",
				);
				PRODUCT_BUNDLE_IDENTIFIER = cz.RobertDresler.NASAImages;
				PRODUCT_NAME = NASAImages;
				SWIFT_VERSION = 4.2;
				TARGETED_DEVICE_FAMILY = 1;
			};
			name = Release;
		};
/* End XCBuildConfiguration section */

/* Begin XCConfigurationList section */
		D03CC9512463EC2A00E52D2D /* Build configuration list for PBXProject "NASAImages" */ = {
			isa = XCConfigurationList;
			buildConfigurations = (
				D03CC9682463EC2F00E52D2D /* Debug */,
				D03CC9692463EC2F00E52D2D /* Release */,
			);
			defaultConfigurationIsVisible = 0;
			defaultConfigurationName = Release;
		};
		D03CC96A2463EC2F00E52D2D /* Build configuration list for PBXNativeTarget "NASAImages" */ = {
			isa = XCConfigurationList;
			buildConfigurations = (
				D03CC96B2463EC2F00E52D2D /* Debug */,
				D03CC96C2463EC2F00E52D2D /* Release */,
			);
			defaultConfigurationIsVisible = 0;
			defaultConfigurationName = Release;
		};
/* End XCConfigurationList section */
	};
	rootObject = D03CC94E2463EC2A00E52D2D /* Project object */;
}
