// !$*UTF8*$!
{
	archiveVersion = 1;
	classes = {
	};
	objectVersion = 50;
	objects = {

/* Begin PBXBuildFile section */
		4F43E2C8A4E3EC3C4858C07F /* Pods_NASAImagesService.framework in Frameworks */ = {isa = PBXBuildFile; fileRef = 322034A4F53078E1A7B1043D /* Pods_NASAImagesService.framework */; };
		D01BE154246402C100F43F7E /* NASAImagesCore.framework in Frameworks */ = {isa = PBXBuildFile; fileRef = D01BE152246402C100F43F7E /* NASAImagesCore.framework */; };
		D01BE155246402C100F43F7E /* NASAImagesCore.framework in Embed Frameworks */ = {isa = PBXBuildFile; fileRef = D01BE152246402C100F43F7E /* NASAImagesCore.framework */; settings = {ATTRIBUTES = (CodeSignOnCopy, RemoveHeadersOnCopy, ); }; };
		D01BE156246402C100F43F7E /* NASAImagesNetwork.framework in Frameworks */ = {isa = PBXBuildFile; fileRef = D01BE153246402C100F43F7E /* NASAImagesNetwork.framework */; };
		D01BE157246402C100F43F7E /* NASAImagesNetwork.framework in Embed Frameworks */ = {isa = PBXBuildFile; fileRef = D01BE153246402C100F43F7E /* NASAImagesNetwork.framework */; settings = {ATTRIBUTES = (CodeSignOnCopy, RemoveHeadersOnCopy, ); }; };
		D03875E22463F29D00A05ABA /* NASAImagesService.h in Headers */ = {isa = PBXBuildFile; fileRef = D03875E02463F29D00A05ABA /* NASAImagesService.h */; settings = {ATTRIBUTES = (Public, ); }; };
		D03876362463F71000A05ABA /* PlaceholderFileForSwiftLint.swift in Sources */ = {isa = PBXBuildFile; fileRef = D03876352463F71000A05ABA /* PlaceholderFileForSwiftLint.swift */; };
		D049AACD246454B000F13788 /* ApiManager.swift in Sources */ = {isa = PBXBuildFile; fileRef = D049AACC246454B000F13788 /* ApiManager.swift */; };
		D049AACF246454BF00F13788 /* NFXManager.swift in Sources */ = {isa = PBXBuildFile; fileRef = D049AACE246454BF00F13788 /* NFXManager.swift */; };
/* End PBXBuildFile section */

/* Begin PBXCopyFilesBuildPhase section */
		D01BE158246402C100F43F7E /* Embed Frameworks */ = {
			isa = PBXCopyFilesBuildPhase;
			buildActionMask = 2147483647;
			dstPath = "";
			dstSubfolderSpec = 10;
			files = (
				D01BE157246402C100F43F7E /* NASAImagesNetwork.framework in Embed Frameworks */,
				D01BE155246402C100F43F7E /* NASAImagesCore.framework in Embed Frameworks */,
			);
			name = "Embed Frameworks";
			runOnlyForDeploymentPostprocessing = 0;
		};
/* End PBXCopyFilesBuildPhase section */

/* Begin PBXFileReference section */
		2DBCBB54361F9F95EC148B92 /* Pods-NASAImagesService.release.xcconfig */ = {isa = PBXFileReference; includeInIndex = 1; lastKnownFileType = text.xcconfig; name = "Pods-NASAImagesService.release.xcconfig"; path = "Target Support Files/Pods-NASAImagesService/Pods-NASAImagesService.release.xcconfig"; sourceTree = "<group>"; };
		322034A4F53078E1A7B1043D /* Pods_NASAImagesService.framework */ = {isa = PBXFileReference; explicitFileType = wrapper.framework; includeInIndex = 0; path = Pods_NASAImagesService.framework; sourceTree = BUILT_PRODUCTS_DIR; };
		D01BE152246402C100F43F7E /* NASAImagesCore.framework */ = {isa = PBXFileReference; explicitFileType = wrapper.framework; path = NASAImagesCore.framework; sourceTree = BUILT_PRODUCTS_DIR; };
		D01BE153246402C100F43F7E /* NASAImagesNetwork.framework */ = {isa = PBXFileReference; explicitFileType = wrapper.framework; path = NASAImagesNetwork.framework; sourceTree = BUILT_PRODUCTS_DIR; };
		D03875DD2463F29D00A05ABA /* NASAImagesService.framework */ = {isa = PBXFileReference; explicitFileType = wrapper.framework; includeInIndex = 0; path = NASAImagesService.framework; sourceTree = BUILT_PRODUCTS_DIR; };
		D03875E02463F29D00A05ABA /* NASAImagesService.h */ = {isa = PBXFileReference; lastKnownFileType = sourcecode.c.h; path = NASAImagesService.h; sourceTree = "<group>"; };
		D03875E12463F29D00A05ABA /* Info.plist */ = {isa = PBXFileReference; lastKnownFileType = text.plist.xml; path = Info.plist; sourceTree = "<group>"; };
		D03876352463F71000A05ABA /* PlaceholderFileForSwiftLint.swift */ = {isa = PBXFileReference; lastKnownFileType = sourcecode.swift; path = PlaceholderFileForSwiftLint.swift; sourceTree = "<group>"; };
		D049AACC246454B000F13788 /* ApiManager.swift */ = {isa = PBXFileReference; lastKnownFileType = sourcecode.swift; path = ApiManager.swift; sourceTree = "<group>"; };
		D049AACE246454BF00F13788 /* NFXManager.swift */ = {isa = PBXFileReference; lastKnownFileType = sourcecode.swift; path = NFXManager.swift; sourceTree = "<group>"; };
		DD6AC9A9D6FE6B413700E31F /* Pods-NASAImagesService.debug.xcconfig */ = {isa = PBXFileReference; includeInIndex = 1; lastKnownFileType = text.xcconfig; name = "Pods-NASAImagesService.debug.xcconfig"; path = "Target Support Files/Pods-NASAImagesService/Pods-NASAImagesService.debug.xcconfig"; sourceTree = "<group>"; };
/* End PBXFileReference section */

/* Begin PBXFrameworksBuildPhase section */
		D03875DA2463F29D00A05ABA /* Frameworks */ = {
			isa = PBXFrameworksBuildPhase;
			buildActionMask = 2147483647;
			files = (
				D01BE156246402C100F43F7E /* NASAImagesNetwork.framework in Frameworks */,
				D01BE154246402C100F43F7E /* NASAImagesCore.framework in Frameworks */,
				4F43E2C8A4E3EC3C4858C07F /* Pods_NASAImagesService.framework in Frameworks */,
			);
			runOnlyForDeploymentPostprocessing = 0;
		};
/* End PBXFrameworksBuildPhase section */

/* Begin PBXGroup section */
		0B6A613CF4D5AD5FF5E97EE3 /* Pods */ = {
			isa = PBXGroup;
			children = (
				DD6AC9A9D6FE6B413700E31F /* Pods-NASAImagesService.debug.xcconfig */,
				2DBCBB54361F9F95EC148B92 /* Pods-NASAImagesService.release.xcconfig */,
			);
			name = Pods;
			path = ../Pods;
			sourceTree = "<group>";
		};
		4C05368900F1F67D3665080B /* Frameworks */ = {
			isa = PBXGroup;
			children = (
				D01BE152246402C100F43F7E /* NASAImagesCore.framework */,
				D01BE153246402C100F43F7E /* NASAImagesNetwork.framework */,
				322034A4F53078E1A7B1043D /* Pods_NASAImagesService.framework */,
			);
			name = Frameworks;
			sourceTree = "<group>";
		};
		D03875D32463F29D00A05ABA = {
			isa = PBXGroup;
			children = (
				D03875DF2463F29D00A05ABA /* NASAImagesService */,
				D03875DE2463F29D00A05ABA /* Products */,
				4C05368900F1F67D3665080B /* Frameworks */,
				0B6A613CF4D5AD5FF5E97EE3 /* Pods */,
			);
			sourceTree = "<group>";
		};
		D03875DE2463F29D00A05ABA /* Products */ = {
			isa = PBXGroup;
			children = (
				D03875DD2463F29D00A05ABA /* NASAImagesService.framework */,
			);
			name = Products;
			sourceTree = "<group>";
		};
		D03875DF2463F29D00A05ABA /* NASAImagesService */ = {
			isa = PBXGroup;
			children = (
				D049AACB2464549600F13788 /* ApiManaging */,
				D03876352463F71000A05ABA /* PlaceholderFileForSwiftLint.swift */,
				D03875E02463F29D00A05ABA /* NASAImagesService.h */,
				D03875E12463F29D00A05ABA /* Info.plist */,
			);
			path = NASAImagesService;
			sourceTree = "<group>";
		};
		D049AACB2464549600F13788 /* ApiManaging */ = {
			isa = PBXGroup;
			children = (
				D049AACC246454B000F13788 /* ApiManager.swift */,
				D049AACE246454BF00F13788 /* NFXManager.swift */,
			);
			path = ApiManaging;
			sourceTree = "<group>";
		};
/* End PBXGroup section */

/* Begin PBXHeadersBuildPhase section */
		D03875D82463F29D00A05ABA /* Headers */ = {
			isa = PBXHeadersBuildPhase;
			buildActionMask = 2147483647;
			files = (
				D03875E22463F29D00A05ABA /* NASAImagesService.h in Headers */,
			);
			runOnlyForDeploymentPostprocessing = 0;
		};
/* End PBXHeadersBuildPhase section */

/* Begin PBXNativeTarget section */
		D03875DC2463F29D00A05ABA /* NASAImagesService */ = {
			isa = PBXNativeTarget;
			buildConfigurationList = D03875E52463F29D00A05ABA /* Build configuration list for PBXNativeTarget "NASAImagesService" */;
			buildPhases = (
				7871244BA8242076ACBFF64F /* [CP] Check Pods Manifest.lock */,
				D03875D82463F29D00A05ABA /* Headers */,
				D03875D92463F29D00A05ABA /* Sources */,
				D03875DA2463F29D00A05ABA /* Frameworks */,
				D03875DB2463F29D00A05ABA /* Resources */,
				D038762E2463F60100A05ABA /* SwiftLint */,
				D01BE158246402C100F43F7E /* Embed Frameworks */,
			);
			buildRules = (
			);
			dependencies = (
			);
			name = NASAImagesService;
			productName = NASAImagesService;
			productReference = D03875DD2463F29D00A05ABA /* NASAImagesService.framework */;
			productType = "com.apple.product-type.framework";
		};
/* End PBXNativeTarget section */

/* Begin PBXProject section */
		D03875D42463F29D00A05ABA /* Project object */ = {
			isa = PBXProject;
			attributes = {
				LastUpgradeCheck = 1120;
				ORGANIZATIONNAME = "Robert Dresler";
				TargetAttributes = {
					D03875DC2463F29D00A05ABA = {
						CreatedOnToolsVersion = 11.2.1;
						LastSwiftMigration = 1120;
					};
				};
			};
			buildConfigurationList = D03875D72463F29D00A05ABA /* Build configuration list for PBXProject "NASAImagesService" */;
			compatibilityVersion = "Xcode 9.3";
			developmentRegion = en;
			hasScannedForEncodings = 0;
			knownRegions = (
				en,
				Base,
			);
			mainGroup = D03875D32463F29D00A05ABA;
			productRefGroup = D03875DE2463F29D00A05ABA /* Products */;
			projectDirPath = "";
			projectRoot = "";
			targets = (
				D03875DC2463F29D00A05ABA /* NASAImagesService */,
			);
		};
/* End PBXProject section */

/* Begin PBXResourcesBuildPhase section */
		D03875DB2463F29D00A05ABA /* Resources */ = {
			isa = PBXResourcesBuildPhase;
			buildActionMask = 2147483647;
			files = (
			);
			runOnlyForDeploymentPostprocessing = 0;
		};
/* End PBXResourcesBuildPhase section */

/* Begin PBXShellScriptBuildPhase section */
		7871244BA8242076ACBFF64F /* [CP] Check Pods Manifest.lock */ = {
			isa = PBXShellScriptBuildPhase;
			buildActionMask = 2147483647;
			files = (
			);
			inputFileListPaths = (
			);
			inputPaths = (
				"${PODS_PODFILE_DIR_PATH}/Podfile.lock",
				"${PODS_ROOT}/Manifest.lock",
			);
			name = "[CP] Check Pods Manifest.lock";
			outputFileListPaths = (
			);
			outputPaths = (
				"$(DERIVED_FILE_DIR)/Pods-NASAImagesService-checkManifestLockResult.txt",
			);
			runOnlyForDeploymentPostprocessing = 0;
			shellPath = /bin/sh;
			shellScript = "diff \"${PODS_PODFILE_DIR_PATH}/Podfile.lock\" \"${PODS_ROOT}/Manifest.lock\" > /dev/null\nif [ $? != 0 ] ; then\n    # print error to STDERR\n    echo \"error: The sandbox is not in sync with the Podfile.lock. Run 'pod install' or update your CocoaPods installation.\" >&2\n    exit 1\nfi\n# This output is used by Xcode 'outputs' to avoid re-running this script phase.\necho \"SUCCESS\" > \"${SCRIPT_OUTPUT_FILE_0}\"\n";
			showEnvVarsInLog = 0;
		};
		D038762E2463F60100A05ABA /* SwiftLint */ = {
			isa = PBXShellScriptBuildPhase;
			buildActionMask = 2147483647;
			files = (
			);
			inputFileListPaths = (
			);
			inputPaths = (
			);
			name = SwiftLint;
			outputFileListPaths = (
			);
			outputPaths = (
			);
			runOnlyForDeploymentPostprocessing = 0;
			shellPath = /bin/sh;
			shellScript = "\"${PODS_ROOT}/SwiftLint/swiftlint\"\n";
		};
/* End PBXShellScriptBuildPhase section */

/* Begin PBXSourcesBuildPhase section */
		D03875D92463F29D00A05ABA /* Sources */ = {
			isa = PBXSourcesBuildPhase;
			buildActionMask = 2147483647;
			files = (
				D049AACD246454B000F13788 /* ApiManager.swift in Sources */,
				D049AACF246454BF00F13788 /* NFXManager.swift in Sources */,
				D03876362463F71000A05ABA /* PlaceholderFileForSwiftLint.swift in Sources */,
			);
			runOnlyForDeploymentPostprocessing = 0;
		};
/* End PBXSourcesBuildPhase section */

/* Begin XCBuildConfiguration section */
		D03875E32463F29D00A05ABA /* Debug */ = {
			isa = XCBuildConfiguration;
			buildSettings = {
				ALWAYS_SEARCH_USER_PATHS = NO;
				CLANG_ANALYZER_NONNULL = YES;
				CLANG_ANALYZER_NUMBER_OBJECT_CONVERSION = YES_AGGRESSIVE;
				CLANG_CXX_LANGUAGE_STANDARD = "gnu++14";
				CLANG_CXX_LIBRARY = "libc++";
				CLANG_ENABLE_MODULES = YES;
				CLANG_ENABLE_OBJC_ARC = YES;
				CLANG_ENABLE_OBJC_WEAK = YES;
				CLANG_WARN_BLOCK_CAPTURE_AUTORELEASING = YES;
				CLANG_WARN_BOOL_CONVERSION = YES;
				CLANG_WARN_COMMA = YES;
				CLANG_WARN_CONSTANT_CONVERSION = YES;
				CLANG_WARN_DEPRECATED_OBJC_IMPLEMENTATIONS = YES;
				CLANG_WARN_DIRECT_OBJC_ISA_USAGE = YES_ERROR;
				CLANG_WARN_DOCUMENTATION_COMMENTS = YES;
				CLANG_WARN_EMPTY_BODY = YES;
				CLANG_WARN_ENUM_CONVERSION = YES;
				CLANG_WARN_INFINITE_RECURSION = YES;
				CLANG_WARN_INT_CONVERSION = YES;
				CLANG_WARN_NON_LITERAL_NULL_CONVERSION = YES;
				CLANG_WARN_OBJC_IMPLICIT_RETAIN_SELF = YES;
				CLANG_WARN_OBJC_LITERAL_CONVERSION = YES;
				CLANG_WARN_OBJC_ROOT_CLASS = YES_ERROR;
				CLANG_WARN_RANGE_LOOP_ANALYSIS = YES;
				CLANG_WARN_STRICT_PROTOTYPES = YES;
				CLANG_WARN_SUSPICIOUS_MOVE = YES;
				CLANG_WARN_UNGUARDED_AVAILABILITY = YES_AGGRESSIVE;
				CLANG_WARN_UNREACHABLE_CODE = YES;
				CLANG_WARN__DUPLICATE_METHOD_MATCH = YES;
				COPY_PHASE_STRIP = NO;
				CURRENT_PROJECT_VERSION = 1;
				DEBUG_INFORMATION_FORMAT = dwarf;
				ENABLE_STRICT_OBJC_MSGSEND = YES;
				ENABLE_TESTABILITY = YES;
				GCC_C_LANGUAGE_STANDARD = gnu11;
				GCC_DYNAMIC_NO_PIC = NO;
				GCC_NO_COMMON_BLOCKS = YES;
				GCC_OPTIMIZATION_LEVEL = 0;
				GCC_PREPROCESSOR_DEFINITIONS = (
					"DEBUG=1",
					"$(inherited)",
				);
				GCC_WARN_64_TO_32_BIT_CONVERSION = YES;
				GCC_WARN_ABOUT_RETURN_TYPE = YES_ERROR;
				GCC_WARN_UNDECLARED_SELECTOR = YES;
				GCC_WARN_UNINITIALIZED_AUTOS = YES_AGGRESSIVE;
				GCC_WARN_UNUSED_FUNCTION = YES;
				GCC_WARN_UNUSED_VARIABLE = YES;
				IPHONEOS_DEPLOYMENT_TARGET = 11.0;
				MTL_ENABLE_DEBUG_INFO = INCLUDE_SOURCE;
				MTL_FAST_MATH = YES;
				ONLY_ACTIVE_ARCH = YES;
				SDKROOT = iphoneos;
				SWIFT_ACTIVE_COMPILATION_CONDITIONS = DEBUG;
				SWIFT_OPTIMIZATION_LEVEL = "-Onone";
				VERSIONING_SYSTEM = "apple-generic";
				VERSION_INFO_PREFIX = "";
			};
			name = Debug;
		};
		D03875E42463F29D00A05ABA /* Release */ = {
			isa = XCBuildConfiguration;
			buildSettings = {
				ALWAYS_SEARCH_USER_PATHS = NO;
				CLANG_ANALYZER_NONNULL = YES;
				CLANG_ANALYZER_NUMBER_OBJECT_CONVERSION = YES_AGGRESSIVE;
				CLANG_CXX_LANGUAGE_STANDARD = "gnu++14";
				CLANG_CXX_LIBRARY = "libc++";
				CLANG_ENABLE_MODULES = YES;
				CLANG_ENABLE_OBJC_ARC = YES;
				CLANG_ENABLE_OBJC_WEAK = YES;
				CLANG_WARN_BLOCK_CAPTURE_AUTORELEASING = YES;
				CLANG_WARN_BOOL_CONVERSION = YES;
				CLANG_WARN_COMMA = YES;
				CLANG_WARN_CONSTANT_CONVERSION = YES;
				CLANG_WARN_DEPRECATED_OBJC_IMPLEMENTATIONS = YES;
				CLANG_WARN_DIRECT_OBJC_ISA_USAGE = YES_ERROR;
				CLANG_WARN_DOCUMENTATION_COMMENTS = YES;
				CLANG_WARN_EMPTY_BODY = YES;
				CLANG_WARN_ENUM_CONVERSION = YES;
				CLANG_WARN_INFINITE_RECURSION = YES;
				CLANG_WARN_INT_CONVERSION = YES;
				CLANG_WARN_NON_LITERAL_NULL_CONVERSION = YES;
				CLANG_WARN_OBJC_IMPLICIT_RETAIN_SELF = YES;
				CLANG_WARN_OBJC_LITERAL_CONVERSION = YES;
				CLANG_WARN_OBJC_ROOT_CLASS = YES_ERROR;
				CLANG_WARN_RANGE_LOOP_ANALYSIS = YES;
				CLANG_WARN_STRICT_PROTOTYPES = YES;
				CLANG_WARN_SUSPICIOUS_MOVE = YES;
				CLANG_WARN_UNGUARDED_AVAILABILITY = YES_AGGRESSIVE;
				CLANG_WARN_UNREACHABLE_CODE = YES;
				CLANG_WARN__DUPLICATE_METHOD_MATCH = YES;
				COPY_PHASE_STRIP = NO;
				CURRENT_PROJECT_VERSION = 1;
				DEBUG_INFORMATION_FORMAT = "dwarf-with-dsym";
				ENABLE_NS_ASSERTIONS = NO;
				ENABLE_STRICT_OBJC_MSGSEND = YES;
				GCC_C_LANGUAGE_STANDARD = gnu11;
				GCC_NO_COMMON_BLOCKS = YES;
				GCC_WARN_64_TO_32_BIT_CONVERSION = YES;
				GCC_WARN_ABOUT_RETURN_TYPE = YES_ERROR;
				GCC_WARN_UNDECLARED_SELECTOR = YES;
				GCC_WARN_UNINITIALIZED_AUTOS = YES_AGGRESSIVE;
				GCC_WARN_UNUSED_FUNCTION = YES;
				GCC_WARN_UNUSED_VARIABLE = YES;
				IPHONEOS_DEPLOYMENT_TARGET = 11.0;
				MTL_ENABLE_DEBUG_INFO = NO;
				MTL_FAST_MATH = YES;
				SDKROOT = iphoneos;
				SWIFT_COMPILATION_MODE = wholemodule;
				SWIFT_OPTIMIZATION_LEVEL = "-O";
				VALIDATE_PRODUCT = YES;
				VERSIONING_SYSTEM = "apple-generic";
				VERSION_INFO_PREFIX = "";
			};
			name = Release;
		};
		D03875E62463F29D00A05ABA /* Debug */ = {
			isa = XCBuildConfiguration;
			baseConfigurationReference = DD6AC9A9D6FE6B413700E31F /* Pods-NASAImagesService.debug.xcconfig */;
			buildSettings = {
				CLANG_ENABLE_MODULES = YES;
				CODE_SIGN_STYLE = Automatic;
				DEFINES_MODULE = YES;
				DEVELOPMENT_TEAM = LJCK3MJ8PX;
				DYLIB_COMPATIBILITY_VERSION = 1;
				DYLIB_CURRENT_VERSION = 1;
				DYLIB_INSTALL_NAME_BASE = "@rpath";
				INFOPLIST_FILE = NASAImagesService/Info.plist;
				INSTALL_PATH = "$(LOCAL_LIBRARY_DIR)/Frameworks";
				IPHONEOS_DEPLOYMENT_TARGET = 11.0;
				LD_RUNPATH_SEARCH_PATHS = (
					"$(inherited)",
					"@executable_path/Frameworks",
					"@loader_path/Frameworks",
				);
				PRODUCT_BUNDLE_IDENTIFIER = cz.RobertDresler.NASAImagesService;
				PRODUCT_NAME = "$(TARGET_NAME:c99extidentifier)";
				SKIP_INSTALL = YES;
				SUPPORTS_MACCATALYST = NO;
				SWIFT_ACTIVE_COMPILATION_CONDITIONS = "DEBUG NETFOX";
				SWIFT_OPTIMIZATION_LEVEL = "-Onone";
				SWIFT_VERSION = 4.2;
				TARGETED_DEVICE_FAMILY = 1;
			};
			name = Debug;
		};
		D03875E72463F29D00A05ABA /* Release */ = {
			isa = XCBuildConfiguration;
			baseConfigurationReference = 2DBCBB54361F9F95EC148B92 /* Pods-NASAImagesService.release.xcconfig */;
			buildSettings = {
				CLANG_ENABLE_MODULES = YES;
				CODE_SIGN_STYLE = Automatic;
				DEFINES_MODULE = YES;
				DEVELOPMENT_TEAM = LJCK3MJ8PX;
				DYLIB_COMPATIBILITY_VERSION = 1;
				DYLIB_CURRENT_VERSION = 1;
				DYLIB_INSTALL_NAME_BASE = "@rpath";
				INFOPLIST_FILE = NASAImagesService/Info.plist;
				INSTALL_PATH = "$(LOCAL_LIBRARY_DIR)/Frameworks";
				IPHONEOS_DEPLOYMENT_TARGET = 11.0;
				LD_RUNPATH_SEARCH_PATHS = (
					"$(inherited)",
					"@executable_path/Frameworks",
					"@loader_path/Frameworks",
				);
				PRODUCT_BUNDLE_IDENTIFIER = cz.RobertDresler.NASAImagesService;
				PRODUCT_NAME = "$(TARGET_NAME:c99extidentifier)";
				SKIP_INSTALL = YES;
				SUPPORTS_MACCATALYST = NO;
				SWIFT_VERSION = 4.2;
				TARGETED_DEVICE_FAMILY = 1;
			};
			name = Release;
		};
/* End XCBuildConfiguration section */

/* Begin XCConfigurationList section */
		D03875D72463F29D00A05ABA /* Build configuration list for PBXProject "NASAImagesService" */ = {
			isa = XCConfigurationList;
			buildConfigurations = (
				D03875E32463F29D00A05ABA /* Debug */,
				D03875E42463F29D00A05ABA /* Release */,
			);
			defaultConfigurationIsVisible = 0;
			defaultConfigurationName = Release;
		};
		D03875E52463F29D00A05ABA /* Build configuration list for PBXNativeTarget "NASAImagesService" */ = {
			isa = XCConfigurationList;
			buildConfigurations = (
				D03875E62463F29D00A05ABA /* Debug */,
				D03875E72463F29D00A05ABA /* Release */,
			);
			defaultConfigurationIsVisible = 0;
			defaultConfigurationName = Release;
		};
/* End XCConfigurationList section */
	};
	rootObject = D03875D42463F29D00A05ABA /* Project object */;
}
